
Microsoft Visual Studio Solution File, Format Version 12.00
# Visual Studio Version 17
VisualStudioVersion = 17.14.36203.30 d17.14
MinimumVisualStudioVersion = 10.0.40219.1
Project("{FAE04EC0-301F-11D3-BF4B-00C04F79EFBC}") = "ExpenseService", "ExpenseService.csproj", "{CDEBB510-CD7A-4E54-BB30-510FE9943AE9}"
EndProject
Global
	GlobalSection(SolutionConfigurationPlatforms) = preSolution
		Debug|Any CPU = Debug|Any CPU
		Release|Any CPU = Release|Any CPU
	EndGlobalSection
	GlobalSection(ProjectConfigurationPlatforms) = postSolution
		{CDEBB510-CD7A-4E54-BB30-510FE9943AE9}.Debug|Any CPU.ActiveCfg = Debug|Any CPU
		{CDEBB510-CD7A-4E54-BB30-510FE9943AE9}.Debug|Any CPU.Build.0 = Debug|Any CPU
		{CDEBB510-CD7A-4E54-BB30-510FE9943AE9}.Release|Any CPU.ActiveCfg = Release|Any CPU
		{CDEBB510-CD7A-4E54-BB30-510FE9943AE9}.Release|Any CPU.Build.0 = Release|Any CPU
	EndGlobalSection
	GlobalSection(SolutionProperties) = preSolution
		HideSolutionNode = FALSE
	EndGlobalSection
	GlobalSection(ExtensibilityGlobals) = postSolution
		SolutionGuid = {8F1EBC49-5B78-4B96-9C7E-6BB94E5DC3C3}
	EndGlobalSection
EndGlobal
